// !$*UTF8*$!
{
	archiveVersion = 1;
	classes = {
	};
	objectVersion = 77;
	objects = {

/* Begin PBXBuildFile section */
		4F1D10C22DE4D3850006D312 /* WidgetKit.framework in Frameworks */ = {isa = PBXBuildFile; fileRef = 4F1D10C12DE4D3850006D312 /* WidgetKit.framework */; };
		4F1D10C42DE4D3850006D312 /* SwiftUI.framework in Frameworks */ = {isa = PBXBuildFile; fileRef = 4F1D10C32DE4D3850006D312 /* SwiftUI.framework */; };
		4F1D10D52DE4D3860006D312 /* TimerWidgetExtensionExtension.appex in Embed Foundation Extensions */ = {isa = PBXBuildFile; fileRef = 4F1D10BF2DE4D3850006D312 /* TimerWidgetExtensionExtension.appex */; settings = {ATTRIBUTES = (RemoveHeadersOnCopy, ); }; };
		4F1D10EF2DE4DAAA0006D312 /* Domain in Frameworks */ = {isa = PBXBuildFile; productRef = 4F1D10EE2DE4DAAA0006D312 /* Domain */; };
		4F3185292DCFAD17005D398A /* Prod.xcconfig in Resources */ = {isa = PBXBuildFile; fileRef = 4F3185282DCFAD17005D398A /* Prod.xcconfig */; };
		4FAF0FED2DDD9FDD001554C9 /* Domain in Frameworks */ = {isa = PBXBuildFile; productRef = 4FAF0FEC2DDD9FDD001554C9 /* Domain */; };
		4FAF0FEF2DDD9FE8001554C9 /* Domain in Frameworks */ = {isa = PBXBuildFile; productRef = 4FAF0FEE2DDD9FE8001554C9 /* Domain */; };
		4FAF10032DDDB2D6001554C9 /* Data in Frameworks */ = {isa = PBXBuildFile; productRef = 4FAF10022DDDB2D6001554C9 /* Data */; };
		4FAF10052DDDB2DC001554C9 /* Data in Frameworks */ = {isa = PBXBuildFile; productRef = 4FAF10042DDDB2DC001554C9 /* Data */; };
/* End PBXBuildFile section */

/* Begin PBXContainerItemProxy section */
		4F1D10D32DE4D3860006D312 /* PBXContainerItemProxy */ = {
			isa = PBXContainerItemProxy;
			containerPortal = 4FA481CD2DCDAB6000EDCCB3 /* Project object */;
			proxyType = 1;
			remoteGlobalIDString = 4F1D10BE2DE4D3850006D312;
			remoteInfo = TimerWidgetExtensionExtension;
		};
		4FA481E32DCDAB6100EDCCB3 /* PBXContainerItemProxy */ = {
			isa = PBXContainerItemProxy;
			containerPortal = 4FA481CD2DCDAB6000EDCCB3 /* Project object */;
			proxyType = 1;
			remoteGlobalIDString = 4FA481D42DCDAB6000EDCCB3;
			remoteInfo = BulkTrack;
		};
		4FA481ED2DCDAB6100EDCCB3 /* PBXContainerItemProxy */ = {
			isa = PBXContainerItemProxy;
			containerPortal = 4FA481CD2DCDAB6000EDCCB3 /* Project object */;
			proxyType = 1;
			remoteGlobalIDString = 4FA481D42DCDAB6000EDCCB3;
			remoteInfo = BulkTrack;
		};
		4FA481FA2DCDAB6100EDCCB3 /* PBXContainerItemProxy */ = {
			isa = PBXContainerItemProxy;
			containerPortal = 4FA481CD2DCDAB6000EDCCB3 /* Project object */;
			proxyType = 1;
			remoteGlobalIDString = 4FA481F72DCDAB6100EDCCB3;
			remoteInfo = "BulkTrack Watch App";
		};
		4FA482082DCDAB6200EDCCB3 /* PBXContainerItemProxy */ = {
			isa = PBXContainerItemProxy;
			containerPortal = 4FA481CD2DCDAB6000EDCCB3 /* Project object */;
			proxyType = 1;
			remoteGlobalIDString = 4FA481F72DCDAB6100EDCCB3;
			remoteInfo = "BulkTrack Watch App";
		};
		4FA482122DCDAB6200EDCCB3 /* PBXContainerItemProxy */ = {
			isa = PBXContainerItemProxy;
			containerPortal = 4FA481CD2DCDAB6000EDCCB3 /* Project object */;
			proxyType = 1;
			remoteGlobalIDString = 4FA481F72DCDAB6100EDCCB3;
			remoteInfo = "BulkTrack Watch App";
		};
/* End PBXContainerItemProxy section */

/* Begin PBXCopyFilesBuildPhase section */
		4F1D10DA2DE4D3860006D312 /* Embed Foundation Extensions */ = {
			isa = PBXCopyFilesBuildPhase;
			buildActionMask = 2147483647;
			dstPath = "";
			dstSubfolderSpec = 13;
			files = (
				4F1D10D52DE4D3860006D312 /* TimerWidgetExtensionExtension.appex in Embed Foundation Extensions */,
			);
			name = "Embed Foundation Extensions";
			runOnlyForDeploymentPostprocessing = 0;
		};
		4FA4821E2DCDAB6200EDCCB3 /* Embed Watch Content */ = {
			isa = PBXCopyFilesBuildPhase;
			buildActionMask = 2147483647;
			dstPath = "$(CONTENTS_FOLDER_PATH)/Watch";
			dstSubfolderSpec = 16;
			files = (
			);
			name = "Embed Watch Content";
			runOnlyForDeploymentPostprocessing = 0;
		};
/* End PBXCopyFilesBuildPhase section */

/* Begin PBXFileReference section */
		4F1D10062DE459240006D312 /* BulkTrack.app */ = {isa = PBXFileReference; explicitFileType = wrapper.application; includeInIndex = 0; path = BulkTrack.app; sourceTree = BUILT_PRODUCTS_DIR; };
		4F1D10072DE459240006D312 /* BulkTrackWatch.app */ = {isa = PBXFileReference; explicitFileType = wrapper.application; includeInIndex = 0; path = BulkTrackWatch.app; sourceTree = BUILT_PRODUCTS_DIR; };
		4F1D10082DE459240006D312 /* BulkTrackTests.xctest */ = {isa = PBXFileReference; explicitFileType = wrapper.cfbundle; includeInIndex = 0; path = BulkTrackTests.xctest; sourceTree = BUILT_PRODUCTS_DIR; };
		4F1D10092DE459240006D312 /* BulkTrackUITests.xctest */ = {isa = PBXFileReference; explicitFileType = wrapper.cfbundle; includeInIndex = 0; path = BulkTrackUITests.xctest; sourceTree = BUILT_PRODUCTS_DIR; };
		4F1D100A2DE459240006D312 /* BulkTrack Watch AppTests.xctest */ = {isa = PBXFileReference; explicitFileType = wrapper.cfbundle; includeInIndex = 0; path = "BulkTrack Watch AppTests.xctest"; sourceTree = BUILT_PRODUCTS_DIR; };
		4F1D100B2DE459240006D312 /* BulkTrack Watch AppUITests.xctest */ = {isa = PBXFileReference; explicitFileType = wrapper.cfbundle; includeInIndex = 0; path = "BulkTrack Watch AppUITests.xctest"; sourceTree = BUILT_PRODUCTS_DIR; };
		4F1D109B2DE45AA20006D312 /* Dev.xcconfig */ = {isa = PBXFileReference; lastKnownFileType = text.xcconfig; path = Dev.xcconfig; sourceTree = "<group>"; };
		4F1D10BF2DE4D3850006D312 /* TimerWidgetExtensionExtension.appex */ = {isa = PBXFileReference; explicitFileType = "wrapper.app-extension"; includeInIndex = 0; path = TimerWidgetExtensionExtension.appex; sourceTree = BUILT_PRODUCTS_DIR; };
		4F1D10C12DE4D3850006D312 /* WidgetKit.framework */ = {isa = PBXFileReference; lastKnownFileType = wrapper.framework; name = WidgetKit.framework; path = System/Library/Frameworks/WidgetKit.framework; sourceTree = SDKROOT; };
		4F1D10C32DE4D3850006D312 /* SwiftUI.framework */ = {isa = PBXFileReference; lastKnownFileType = wrapper.framework; name = SwiftUI.framework; path = System/Library/Frameworks/SwiftUI.framework; sourceTree = SDKROOT; };
		4F3185282DCFAD17005D398A /* Prod.xcconfig */ = {isa = PBXFileReference; lastKnownFileType = text.xcconfig; path = Prod.xcconfig; sourceTree = "<group>"; };
/* End PBXFileReference section */

/* Begin PBXFileSystemSynchronizedBuildFileExceptionSet section */
		4F1D10EB2DE4D3F40006D312 /* Exceptions for "Apps" folder in "TimerWidgetExtensionExtension" target */ = {
			isa = PBXFileSystemSynchronizedBuildFileExceptionSet;
			membershipExceptions = (
				iOS/Extensions/TimerWidgetExtension/AppIntent.swift,
				iOS/Extensions/TimerWidgetExtension/Assets.xcassets,
				iOS/Extensions/TimerWidgetExtension/TimerWidgetExtension.swift,
				iOS/Extensions/TimerWidgetExtension/TimerWidgetExtensionBundle.swift,
				iOS/Extensions/TimerWidgetExtension/TimerWidgetExtensionControl.swift,
				iOS/Extensions/TimerWidgetExtension/TimerWidgetExtensionLiveActivity.swift,
			);
			target = 4F1D10BE2DE4D3850006D312 /* TimerWidgetExtensionExtension */;
		};
		4F32FC9C2DDD85B40058F521 /* Exceptions for "Apps" folder in "BulkTrack" target */ = {
			isa = PBXFileSystemSynchronizedBuildFileExceptionSet;
			membershipExceptions = (
				iOS/Extensions/TimerWidgetExtension/AppIntent.swift,
				iOS/Extensions/TimerWidgetExtension/Assets.xcassets,
				iOS/Extensions/TimerWidgetExtension/Info.plist,
				iOS/Extensions/TimerWidgetExtension/TimerWidgetExtension.swift,
				iOS/Extensions/TimerWidgetExtension/TimerWidgetExtensionBundle.swift,
				iOS/Extensions/TimerWidgetExtension/TimerWidgetExtensionControl.swift,
				iOS/Extensions/TimerWidgetExtension/TimerWidgetExtensionLiveActivity.swift,
				iOS/Resources/info.plist,
				watchOS/App/Bootstrap/DIContainer.swift,
				watchOS/App/Bootstrap/WatchAppInitializer.swift,
				watchOS/App/BulkTrackApp.swift,
				watchOS/Features/RecentExercises/View/RecentExercisesView.swift,
				watchOS/Features/RecentExercises/ViewModel/RecentExercisesViewModel.swift,
				watchOS/Resources/Assets.xcassets,
				watchOS/Services/Connectivity/PayloadMapper.swift,
				watchOS/Services/Connectivity/WCSessionRelay.swift,
				watchOS/Services/HealthKitRepository.swift,
			);
			target = 4FA481D42DCDAB6000EDCCB3 /* BulkTrack */;
		};
		4F32FC9D2DDD85B40058F521 /* Exceptions for "Apps" folder in "BulkTrackWatch" target */ = {
			isa = PBXFileSystemSynchronizedBuildFileExceptionSet;
			membershipExceptions = (
				Shared/Services/ActivationService.swift,
				watchOS/App/Bootstrap/DIContainer.swift,
				watchOS/App/Bootstrap/WatchAppInitializer.swift,
				watchOS/App/BulkTrackApp.swift,
				watchOS/Features/RecentExercises/View/RecentExercisesView.swift,
				watchOS/Features/RecentExercises/ViewModel/RecentExercisesViewModel.swift,
				watchOS/Resources/Assets.xcassets,
				watchOS/Services/Connectivity/PayloadMapper.swift,
				watchOS/Services/Connectivity/WCSessionRelay.swift,
				watchOS/Services/HealthKitRepository.swift,
			);
			target = 4FA481F72DCDAB6100EDCCB3 /* BulkTrackWatch */;
		};
		4FAF0FFE2DDDAF9A001554C9 /* Exceptions for "Packages" folder in "BulkTrackWatch" target */ = {
			isa = PBXFileSystemSynchronizedBuildFileExceptionSet;
			membershipExceptions = (
				Data,
			);
			target = 4FA481F72DCDAB6100EDCCB3 /* BulkTrackWatch */;
		};
/* End PBXFileSystemSynchronizedBuildFileExceptionSet section */

/* Begin PBXFileSystemSynchronizedRootGroup section */
		4F32FC992DDD85930058F521 /* Apps */ = {
			isa = PBXFileSystemSynchronizedRootGroup;
			exceptions = (
				4F32FC9C2DDD85B40058F521 /* Exceptions for "Apps" folder in "BulkTrack" target */,
				4F32FC9D2DDD85B40058F521 /* Exceptions for "Apps" folder in "BulkTrackWatch" target */,
				4F1D10EB2DE4D3F40006D312 /* Exceptions for "Apps" folder in "TimerWidgetExtensionExtension" target */,
			);
			path = Apps;
			sourceTree = "<group>";
		};
		4FAF0FE72DDD9EC5001554C9 /* Packages */ = {
			isa = PBXFileSystemSynchronizedRootGroup;
			exceptions = (
				4FAF0FFE2DDDAF9A001554C9 /* Exceptions for "Packages" folder in "BulkTrackWatch" target */,
			);
			path = Packages;
			sourceTree = "<group>";
		};
/* End PBXFileSystemSynchronizedRootGroup section */

/* Begin PBXFrameworksBuildPhase section */
		4F1D10BC2DE4D3850006D312 /* Frameworks */ = {
			isa = PBXFrameworksBuildPhase;
			buildActionMask = 2147483647;
			files = (
				4F1D10EF2DE4DAAA0006D312 /* Domain in Frameworks */,
				4F1D10C42DE4D3850006D312 /* SwiftUI.framework in Frameworks */,
				4F1D10C22DE4D3850006D312 /* WidgetKit.framework in Frameworks */,
			);
			runOnlyForDeploymentPostprocessing = 0;
		};
		4FA481D22DCDAB6000EDCCB3 /* Frameworks */ = {
			isa = PBXFrameworksBuildPhase;
			buildActionMask = 2147483647;
			files = (
				4FAF10032DDDB2D6001554C9 /* Data in Frameworks */,
				4FAF0FED2DDD9FDD001554C9 /* Domain in Frameworks */,
			);
			runOnlyForDeploymentPostprocessing = 0;
		};
		4FA481DF2DCDAB6100EDCCB3 /* Frameworks */ = {
			isa = PBXFrameworksBuildPhase;
			buildActionMask = 2147483647;
			files = (
			);
			runOnlyForDeploymentPostprocessing = 0;
		};
		4FA481E92DCDAB6100EDCCB3 /* Frameworks */ = {
			isa = PBXFrameworksBuildPhase;
			buildActionMask = 2147483647;
			files = (
			);
			runOnlyForDeploymentPostprocessing = 0;
		};
		4FA481F52DCDAB6100EDCCB3 /* Frameworks */ = {
			isa = PBXFrameworksBuildPhase;
			buildActionMask = 2147483647;
			files = (
				4FAF10052DDDB2DC001554C9 /* Data in Frameworks */,
				4FAF0FEF2DDD9FE8001554C9 /* Domain in Frameworks */,
			);
			runOnlyForDeploymentPostprocessing = 0;
		};
		4FA482042DCDAB6200EDCCB3 /* Frameworks */ = {
			isa = PBXFrameworksBuildPhase;
			buildActionMask = 2147483647;
			files = (
			);
			runOnlyForDeploymentPostprocessing = 0;
		};
		4FA4820E2DCDAB6200EDCCB3 /* Frameworks */ = {
			isa = PBXFrameworksBuildPhase;
			buildActionMask = 2147483647;
			files = (
			);
			runOnlyForDeploymentPostprocessing = 0;
		};
/* End PBXFrameworksBuildPhase section */

/* Begin PBXGroup section */
		4F1D10C02DE4D3850006D312 /* Frameworks */ = {
			isa = PBXGroup;
			children = (
				4F1D10C12DE4D3850006D312 /* WidgetKit.framework */,
				4F1D10C32DE4D3850006D312 /* SwiftUI.framework */,
			);
			name = Frameworks;
			sourceTree = "<group>";
		};
		4FA481CC2DCDAB6000EDCCB3 = {
			isa = PBXGroup;
			children = (
				4F32FC992DDD85930058F521 /* Apps */,
				4FAF0FE72DDD9EC5001554C9 /* Packages */,
				4F1D109B2DE45AA20006D312 /* Dev.xcconfig */,
				4F3185282DCFAD17005D398A /* Prod.xcconfig */,
				4F1D10062DE459240006D312 /* BulkTrack.app */,
				4F1D10072DE459240006D312 /* BulkTrackWatch.app */,
				4F1D10082DE459240006D312 /* BulkTrackTests.xctest */,
				4F1D10092DE459240006D312 /* BulkTrackUITests.xctest */,
				4F1D100A2DE459240006D312 /* BulkTrack Watch AppTests.xctest */,
				4F1D100B2DE459240006D312 /* BulkTrack Watch AppUITests.xctest */,
				4F1D10BF2DE4D3850006D312 /* TimerWidgetExtensionExtension.appex */,
				4F1D10C02DE4D3850006D312 /* Frameworks */,
			);
			sourceTree = "<group>";
		};
/* End PBXGroup section */

/* Begin PBXNativeTarget section */
		4F1D10BE2DE4D3850006D312 /* TimerWidgetExtensionExtension */ = {
			isa = PBXNativeTarget;
			buildConfigurationList = 4F1D10D62DE4D3860006D312 /* Build configuration list for PBXNativeTarget "TimerWidgetExtensionExtension" */;
			buildPhases = (
				4F1D10BB2DE4D3850006D312 /* Sources */,
				4F1D10BC2DE4D3850006D312 /* Frameworks */,
				4F1D10BD2DE4D3850006D312 /* Resources */,
			);
			buildRules = (
			);
			dependencies = (
			);
			name = TimerWidgetExtensionExtension;
			packageProductDependencies = (
				4F1D10EE2DE4DAAA0006D312 /* Domain */,
			);
			productName = TimerWidgetExtensionExtension;
			productReference = 4F1D10BF2DE4D3850006D312 /* TimerWidgetExtensionExtension.appex */;
			productType = "com.apple.product-type.app-extension";
		};
		4FA481D42DCDAB6000EDCCB3 /* BulkTrack */ = {
			isa = PBXNativeTarget;
			buildConfigurationList = 4FA4821F2DCDAB6200EDCCB3 /* Build configuration list for PBXNativeTarget "BulkTrack" */;
			buildPhases = (
				4FA481D12DCDAB6000EDCCB3 /* Sources */,
				4FA481D22DCDAB6000EDCCB3 /* Frameworks */,
				4FA481D32DCDAB6000EDCCB3 /* Resources */,
				4FA4821E2DCDAB6200EDCCB3 /* Embed Watch Content */,
				4F1D10DA2DE4D3860006D312 /* Embed Foundation Extensions */,
			);
			buildRules = (
			);
			dependencies = (
				4FA481FB2DCDAB6100EDCCB3 /* PBXTargetDependency */,
				4F1D10D42DE4D3860006D312 /* PBXTargetDependency */,
			);
			fileSystemSynchronizedGroups = (
				4F32FC992DDD85930058F521 /* Apps */,
				4FAF0FE72DDD9EC5001554C9 /* Packages */,
			);
			name = BulkTrack;
			packageProductDependencies = (
				4FAF0FEC2DDD9FDD001554C9 /* Domain */,
				4FAF10022DDDB2D6001554C9 /* Data */,
			);
			productName = BulkTrack;
			productReference = 4F1D10062DE459240006D312 /* BulkTrack.app */;
			productType = "com.apple.product-type.application";
		};
		4FA481E12DCDAB6100EDCCB3 /* BulkTrackTests */ = {
			isa = PBXNativeTarget;
			buildConfigurationList = 4FA482222DCDAB6200EDCCB3 /* Build configuration list for PBXNativeTarget "BulkTrackTests" */;
			buildPhases = (
				4FA481DE2DCDAB6100EDCCB3 /* Sources */,
				4FA481DF2DCDAB6100EDCCB3 /* Frameworks */,
				4FA481E02DCDAB6100EDCCB3 /* Resources */,
			);
			buildRules = (
			);
			dependencies = (
				4FA481E42DCDAB6100EDCCB3 /* PBXTargetDependency */,
			);
			name = BulkTrackTests;
			packageProductDependencies = (
			);
			productName = BulkTrackTests;
			productReference = 4F1D10082DE459240006D312 /* BulkTrackTests.xctest */;
			productType = "com.apple.product-type.bundle.unit-test";
		};
		4FA481EB2DCDAB6100EDCCB3 /* BulkTrackUITests */ = {
			isa = PBXNativeTarget;
			buildConfigurationList = 4FA482252DCDAB6200EDCCB3 /* Build configuration list for PBXNativeTarget "BulkTrackUITests" */;
			buildPhases = (
				4FA481E82DCDAB6100EDCCB3 /* Sources */,
				4FA481E92DCDAB6100EDCCB3 /* Frameworks */,
				4FA481EA2DCDAB6100EDCCB3 /* Resources */,
			);
			buildRules = (
			);
			dependencies = (
				4FA481EE2DCDAB6100EDCCB3 /* PBXTargetDependency */,
			);
			name = BulkTrackUITests;
			packageProductDependencies = (
			);
			productName = BulkTrackUITests;
			productReference = 4F1D10092DE459240006D312 /* BulkTrackUITests.xctest */;
			productType = "com.apple.product-type.bundle.ui-testing";
		};
		4FA481F72DCDAB6100EDCCB3 /* BulkTrackWatch */ = {
			isa = PBXNativeTarget;
			buildConfigurationList = 4FA4821B2DCDAB6200EDCCB3 /* Build configuration list for PBXNativeTarget "BulkTrackWatch" */;
			buildPhases = (
				4FA481F42DCDAB6100EDCCB3 /* Sources */,
				4FA481F52DCDAB6100EDCCB3 /* Frameworks */,
				4FA481F62DCDAB6100EDCCB3 /* Resources */,
			);
			buildRules = (
			);
			dependencies = (
			);
			fileSystemSynchronizedGroups = (
				4FAF0FE72DDD9EC5001554C9 /* Packages */,
			);
			name = BulkTrackWatch;
			packageProductDependencies = (
				4FAF0FEE2DDD9FE8001554C9 /* Domain */,
				4FAF10042DDDB2DC001554C9 /* Data */,
			);
			productName = "BulkTrack Watch App";
			productReference = 4F1D10072DE459240006D312 /* BulkTrackWatch.app */;
			productType = "com.apple.product-type.application";
		};
		4FA482062DCDAB6200EDCCB3 /* BulkTrack Watch AppTests */ = {
			isa = PBXNativeTarget;
			buildConfigurationList = 4FA482282DCDAB6200EDCCB3 /* Build configuration list for PBXNativeTarget "BulkTrack Watch AppTests" */;
			buildPhases = (
				4FA482032DCDAB6200EDCCB3 /* Sources */,
				4FA482042DCDAB6200EDCCB3 /* Frameworks */,
				4FA482052DCDAB6200EDCCB3 /* Resources */,
			);
			buildRules = (
			);
			dependencies = (
				4FA482092DCDAB6200EDCCB3 /* PBXTargetDependency */,
			);
			name = "BulkTrack Watch AppTests";
			packageProductDependencies = (
			);
			productName = "BulkTrack Watch AppTests";
			productReference = 4F1D100A2DE459240006D312 /* BulkTrack Watch AppTests.xctest */;
			productType = "com.apple.product-type.bundle.unit-test";
		};
		4FA482102DCDAB6200EDCCB3 /* BulkTrack Watch AppUITests */ = {
			isa = PBXNativeTarget;
			buildConfigurationList = 4FA4822B2DCDAB6200EDCCB3 /* Build configuration list for PBXNativeTarget "BulkTrack Watch AppUITests" */;
			buildPhases = (
				4FA4820D2DCDAB6200EDCCB3 /* Sources */,
				4FA4820E2DCDAB6200EDCCB3 /* Frameworks */,
				4FA4820F2DCDAB6200EDCCB3 /* Resources */,
			);
			buildRules = (
			);
			dependencies = (
				4FA482132DCDAB6200EDCCB3 /* PBXTargetDependency */,
			);
			name = "BulkTrack Watch AppUITests";
			packageProductDependencies = (
			);
			productName = "BulkTrack Watch AppUITests";
			productReference = 4F1D100B2DE459240006D312 /* BulkTrack Watch AppUITests.xctest */;
			productType = "com.apple.product-type.bundle.ui-testing";
		};
/* End PBXNativeTarget section */

/* Begin PBXProject section */
		4FA481CD2DCDAB6000EDCCB3 /* Project object */ = {
			isa = PBXProject;
			attributes = {
				BuildIndependentTargetsInParallel = YES;
				LastSwiftUpdateCheck = 1630;
				LastUpgradeCheck = 1630;
				TargetAttributes = {
					4F1D10BE2DE4D3850006D312 = {
						CreatedOnToolsVersion = 16.3;
					};
					4FA481D42DCDAB6000EDCCB3 = {
						CreatedOnToolsVersion = 16.3;
					};
					4FA481E12DCDAB6100EDCCB3 = {
						CreatedOnToolsVersion = 16.3;
						TestTargetID = 4FA481D42DCDAB6000EDCCB3;
					};
					4FA481EB2DCDAB6100EDCCB3 = {
						CreatedOnToolsVersion = 16.3;
						TestTargetID = 4FA481D42DCDAB6000EDCCB3;
					};
					4FA481F72DCDAB6100EDCCB3 = {
						CreatedOnToolsVersion = 16.3;
					};
					4FA482062DCDAB6200EDCCB3 = {
						CreatedOnToolsVersion = 16.3;
						TestTargetID = 4FA481F72DCDAB6100EDCCB3;
					};
					4FA482102DCDAB6200EDCCB3 = {
						CreatedOnToolsVersion = 16.3;
						TestTargetID = 4FA481F72DCDAB6100EDCCB3;
					};
				};
			};
			buildConfigurationList = 4FA481D02DCDAB6000EDCCB3 /* Build configuration list for PBXProject "BulkTrack" */;
			developmentRegion = en;
			hasScannedForEncodings = 0;
			knownRegions = (
				en,
				Base,
			);
			mainGroup = 4FA481CC2DCDAB6000EDCCB3;
			minimizedProjectReferenceProxies = 1;
			packageReferences = (
			);
			preferredProjectObjectVersion = 77;
			productRefGroup = 4FA481CC2DCDAB6000EDCCB3;
			projectDirPath = "";
			projectRoot = "";
			targets = (
				4FA481D42DCDAB6000EDCCB3 /* BulkTrack */,
				4FA481F72DCDAB6100EDCCB3 /* BulkTrackWatch */,
				4FA481E12DCDAB6100EDCCB3 /* BulkTrackTests */,
				4FA481EB2DCDAB6100EDCCB3 /* BulkTrackUITests */,
				4FA482062DCDAB6200EDCCB3 /* BulkTrack Watch AppTests */,
				4FA482102DCDAB6200EDCCB3 /* BulkTrack Watch AppUITests */,
				4F1D10BE2DE4D3850006D312 /* TimerWidgetExtensionExtension */,
			);
		};
/* End PBXProject section */

/* Begin PBXResourcesBuildPhase section */
		4F1D10BD2DE4D3850006D312 /* Resources */ = {
			isa = PBXResourcesBuildPhase;
			buildActionMask = 2147483647;
			files = (
			);
			runOnlyForDeploymentPostprocessing = 0;
		};
		4FA481D32DCDAB6000EDCCB3 /* Resources */ = {
			isa = PBXResourcesBuildPhase;
			buildActionMask = 2147483647;
			files = (
				4F3185292DCFAD17005D398A /* Prod.xcconfig in Resources */,
			);
			runOnlyForDeploymentPostprocessing = 0;
		};
		4FA481E02DCDAB6100EDCCB3 /* Resources */ = {
			isa = PBXResourcesBuildPhase;
			buildActionMask = 2147483647;
			files = (
			);
			runOnlyForDeploymentPostprocessing = 0;
		};
		4FA481EA2DCDAB6100EDCCB3 /* Resources */ = {
			isa = PBXResourcesBuildPhase;
			buildActionMask = 2147483647;
			files = (
			);
			runOnlyForDeploymentPostprocessing = 0;
		};
		4FA481F62DCDAB6100EDCCB3 /* Resources */ = {
			isa = PBXResourcesBuildPhase;
			buildActionMask = 2147483647;
			files = (
			);
			runOnlyForDeploymentPostprocessing = 0;
		};
		4FA482052DCDAB6200EDCCB3 /* Resources */ = {
			isa = PBXResourcesBuildPhase;
			buildActionMask = 2147483647;
			files = (
			);
			runOnlyForDeploymentPostprocessing = 0;
		};
		4FA4820F2DCDAB6200EDCCB3 /* Resources */ = {
			isa = PBXResourcesBuildPhase;
			buildActionMask = 2147483647;
			files = (
			);
			runOnlyForDeploymentPostprocessing = 0;
		};
/* End PBXResourcesBuildPhase section */

/* Begin PBXSourcesBuildPhase section */
		4F1D10BB2DE4D3850006D312 /* Sources */ = {
			isa = PBXSourcesBuildPhase;
			buildActionMask = 2147483647;
			files = (
			);
			runOnlyForDeploymentPostprocessing = 0;
		};
		4FA481D12DCDAB6000EDCCB3 /* Sources */ = {
			isa = PBXSourcesBuildPhase;
			buildActionMask = 2147483647;
			files = (
			);
			runOnlyForDeploymentPostprocessing = 0;
		};
		4FA481DE2DCDAB6100EDCCB3 /* Sources */ = {
			isa = PBXSourcesBuildPhase;
			buildActionMask = 2147483647;
			files = (
			);
			runOnlyForDeploymentPostprocessing = 0;
		};
		4FA481E82DCDAB6100EDCCB3 /* Sources */ = {
			isa = PBXSourcesBuildPhase;
			buildActionMask = 2147483647;
			files = (
			);
			runOnlyForDeploymentPostprocessing = 0;
		};
		4FA481F42DCDAB6100EDCCB3 /* Sources */ = {
			isa = PBXSourcesBuildPhase;
			buildActionMask = 2147483647;
			files = (
			);
			runOnlyForDeploymentPostprocessing = 0;
		};
		4FA482032DCDAB6200EDCCB3 /* Sources */ = {
			isa = PBXSourcesBuildPhase;
			buildActionMask = 2147483647;
			files = (
			);
			runOnlyForDeploymentPostprocessing = 0;
		};
		4FA4820D2DCDAB6200EDCCB3 /* Sources */ = {
			isa = PBXSourcesBuildPhase;
			buildActionMask = 2147483647;
			files = (
			);
			runOnlyForDeploymentPostprocessing = 0;
		};
/* End PBXSourcesBuildPhase section */

/* Begin PBXTargetDependency section */
		4F1D10D42DE4D3860006D312 /* PBXTargetDependency */ = {
			isa = PBXTargetDependency;
			target = 4F1D10BE2DE4D3850006D312 /* TimerWidgetExtensionExtension */;
			targetProxy = 4F1D10D32DE4D3860006D312 /* PBXContainerItemProxy */;
		};
		4FA481E42DCDAB6100EDCCB3 /* PBXTargetDependency */ = {
			isa = PBXTargetDependency;
			target = 4FA481D42DCDAB6000EDCCB3 /* BulkTrack */;
			targetProxy = 4FA481E32DCDAB6100EDCCB3 /* PBXContainerItemProxy */;
		};
		4FA481EE2DCDAB6100EDCCB3 /* PBXTargetDependency */ = {
			isa = PBXTargetDependency;
			target = 4FA481D42DCDAB6000EDCCB3 /* BulkTrack */;
			targetProxy = 4FA481ED2DCDAB6100EDCCB3 /* PBXContainerItemProxy */;
		};
		4FA481FB2DCDAB6100EDCCB3 /* PBXTargetDependency */ = {
			isa = PBXTargetDependency;
			target = 4FA481F72DCDAB6100EDCCB3 /* BulkTrackWatch */;
			targetProxy = 4FA481FA2DCDAB6100EDCCB3 /* PBXContainerItemProxy */;
		};
		4FA482092DCDAB6200EDCCB3 /* PBXTargetDependency */ = {
			isa = PBXTargetDependency;
			target = 4FA481F72DCDAB6100EDCCB3 /* BulkTrackWatch */;
			targetProxy = 4FA482082DCDAB6200EDCCB3 /* PBXContainerItemProxy */;
		};
		4FA482132DCDAB6200EDCCB3 /* PBXTargetDependency */ = {
			isa = PBXTargetDependency;
			target = 4FA481F72DCDAB6100EDCCB3 /* BulkTrackWatch */;
			targetProxy = 4FA482122DCDAB6200EDCCB3 /* PBXContainerItemProxy */;
		};
/* End PBXTargetDependency section */

/* Begin XCBuildConfiguration section */
		4F1D10D72DE4D3860006D312 /* Debug */ = {
			isa = XCBuildConfiguration;
			buildSettings = {
				ASSETCATALOG_COMPILER_GLOBAL_ACCENT_COLOR_NAME = AccentColor;
				ASSETCATALOG_COMPILER_WIDGET_BACKGROUND_COLOR_NAME = WidgetBackground;
				CODE_SIGN_STYLE = Automatic;
				CURRENT_PROJECT_VERSION = 1;
				DEVELOPMENT_TEAM = 573P995VR5;
				GENERATE_INFOPLIST_FILE = YES;
				INFOPLIST_FILE = Apps/iOS/Extensions/TimerWidgetExtension/Info.plist;
				INFOPLIST_KEY_CFBundleDisplayName = TimerWidgetExtension;
				INFOPLIST_KEY_NSHumanReadableCopyright = "";
				IPHONEOS_DEPLOYMENT_TARGET = 18.4;
				LD_RUNPATH_SEARCH_PATHS = (
					"$(inherited)",
					"@executable_path/Frameworks",
					"@executable_path/../../Frameworks",
				);
				MARKETING_VERSION = 1.0;
				PRODUCT_BUNDLE_IDENTIFIER = "com.bulk-track.BulkTrack.TimerWidgetExtension";
				PRODUCT_NAME = "$(TARGET_NAME)";
				SDKROOT = iphoneos;
				SKIP_INSTALL = YES;
				SWIFT_EMIT_LOC_STRINGS = YES;
				SWIFT_VERSION = 5.0;
				TARGETED_DEVICE_FAMILY = "1,2";
			};
			name = Debug;
		};
		4F1D10D82DE4D3860006D312 /* Release */ = {
			isa = XCBuildConfiguration;
			buildSettings = {
				ASSETCATALOG_COMPILER_GLOBAL_ACCENT_COLOR_NAME = AccentColor;
				ASSETCATALOG_COMPILER_WIDGET_BACKGROUND_COLOR_NAME = WidgetBackground;
				CODE_SIGN_STYLE = Automatic;
				CURRENT_PROJECT_VERSION = 1;
				DEVELOPMENT_TEAM = 573P995VR5;
				GENERATE_INFOPLIST_FILE = YES;
				INFOPLIST_FILE = Apps/iOS/Extensions/TimerWidgetExtension/Info.plist;
				INFOPLIST_KEY_CFBundleDisplayName = TimerWidgetExtension;
				INFOPLIST_KEY_NSHumanReadableCopyright = "";
				IPHONEOS_DEPLOYMENT_TARGET = 18.4;
				LD_RUNPATH_SEARCH_PATHS = (
					"$(inherited)",
					"@executable_path/Frameworks",
					"@executable_path/../../Frameworks",
				);
				MARKETING_VERSION = 1.0;
				PRODUCT_BUNDLE_IDENTIFIER = "com.bulk-track.BulkTrack.TimerWidgetExtension";
				PRODUCT_NAME = "$(TARGET_NAME)";
				SDKROOT = iphoneos;
				SKIP_INSTALL = YES;
				SWIFT_EMIT_LOC_STRINGS = YES;
				SWIFT_VERSION = 5.0;
				TARGETED_DEVICE_FAMILY = "1,2";
				VALIDATE_PRODUCT = YES;
			};
			name = Release;
		};
		4FA482192DCDAB6200EDCCB3 /* Debug */ = {
			isa = XCBuildConfiguration;
			buildSettings = {
				ALWAYS_SEARCH_USER_PATHS = NO;
				ASSETCATALOG_COMPILER_GENERATE_SWIFT_ASSET_SYMBOL_EXTENSIONS = YES;
				CLANG_ANALYZER_NONNULL = YES;
				CLANG_ANALYZER_NUMBER_OBJECT_CONVERSION = YES_AGGRESSIVE;
				CLANG_CXX_LANGUAGE_STANDARD = "gnu++20";
				CLANG_ENABLE_MODULES = YES;
				CLANG_ENABLE_OBJC_ARC = YES;
				CLANG_ENABLE_OBJC_WEAK = YES;
				CLANG_WARN_BLOCK_CAPTURE_AUTORELEASING = YES;
				CLANG_WARN_BOOL_CONVERSION = YES;
				CLANG_WARN_COMMA = YES;
				CLANG_WARN_CONSTANT_CONVERSION = YES;
				CLANG_WARN_DEPRECATED_OBJC_IMPLEMENTATIONS = YES;
				CLANG_WARN_DIRECT_OBJC_ISA_USAGE = YES_ERROR;
				CLANG_WARN_DOCUMENTATION_COMMENTS = YES;
				CLANG_WARN_EMPTY_BODY = YES;
				CLANG_WARN_ENUM_CONVERSION = YES;
				CLANG_WARN_INFINITE_RECURSION = YES;
				CLANG_WARN_INT_CONVERSION = YES;
				CLANG_WARN_NON_LITERAL_NULL_CONVERSION = YES;
				CLANG_WARN_OBJC_IMPLICIT_RETAIN_SELF = YES;
				CLANG_WARN_OBJC_LITERAL_CONVERSION = YES;
				CLANG_WARN_OBJC_ROOT_CLASS = YES_ERROR;
				CLANG_WARN_QUOTED_INCLUDE_IN_FRAMEWORK_HEADER = YES;
				CLANG_WARN_RANGE_LOOP_ANALYSIS = YES;
				CLANG_WARN_STRICT_PROTOTYPES = YES;
				CLANG_WARN_SUSPICIOUS_MOVE = YES;
				CLANG_WARN_UNGUARDED_AVAILABILITY = YES_AGGRESSIVE;
				CLANG_WARN_UNREACHABLE_CODE = YES;
				CLANG_WARN__DUPLICATE_METHOD_MATCH = YES;
				COPY_PHASE_STRIP = NO;
				DEBUG_INFORMATION_FORMAT = dwarf;
				DEVELOPMENT_TEAM = 573P995VR5;
				ENABLE_STRICT_OBJC_MSGSEND = YES;
				ENABLE_TESTABILITY = YES;
				ENABLE_USER_SCRIPT_SANDBOXING = YES;
				GCC_C_LANGUAGE_STANDARD = gnu17;
				GCC_DYNAMIC_NO_PIC = NO;
				GCC_NO_COMMON_BLOCKS = YES;
				GCC_OPTIMIZATION_LEVEL = 0;
				GCC_PREPROCESSOR_DEFINITIONS = (
					"DEBUG=1",
					"$(inherited)",
				);
				GCC_WARN_64_TO_32_BIT_CONVERSION = YES;
				GCC_WARN_ABOUT_RETURN_TYPE = YES_ERROR;
				GCC_WARN_UNDECLARED_SELECTOR = YES;
				GCC_WARN_UNINITIALIZED_AUTOS = YES_AGGRESSIVE;
				GCC_WARN_UNUSED_FUNCTION = YES;
				GCC_WARN_UNUSED_VARIABLE = YES;
				LOCALIZATION_PREFERS_STRING_CATALOGS = YES;
				MTL_ENABLE_DEBUG_INFO = INCLUDE_SOURCE;
				MTL_FAST_MATH = YES;
				ONLY_ACTIVE_ARCH = YES;
				SWIFT_ACTIVE_COMPILATION_CONDITIONS = "DEBUG $(inherited)";
				SWIFT_OPTIMIZATION_LEVEL = "-Onone";
			};
			name = Debug;
		};
		4FA4821A2DCDAB6200EDCCB3 /* Release */ = {
			isa = XCBuildConfiguration;
			buildSettings = {
				ALWAYS_SEARCH_USER_PATHS = NO;
				ASSETCATALOG_COMPILER_GENERATE_SWIFT_ASSET_SYMBOL_EXTENSIONS = YES;
				CLANG_ANALYZER_NONNULL = YES;
				CLANG_ANALYZER_NUMBER_OBJECT_CONVERSION = YES_AGGRESSIVE;
				CLANG_CXX_LANGUAGE_STANDARD = "gnu++20";
				CLANG_ENABLE_MODULES = YES;
				CLANG_ENABLE_OBJC_ARC = YES;
				CLANG_ENABLE_OBJC_WEAK = YES;
				CLANG_WARN_BLOCK_CAPTURE_AUTORELEASING = YES;
				CLANG_WARN_BOOL_CONVERSION = YES;
				CLANG_WARN_COMMA = YES;
				CLANG_WARN_CONSTANT_CONVERSION = YES;
				CLANG_WARN_DEPRECATED_OBJC_IMPLEMENTATIONS = YES;
				CLANG_WARN_DIRECT_OBJC_ISA_USAGE = YES_ERROR;
				CLANG_WARN_DOCUMENTATION_COMMENTS = YES;
				CLANG_WARN_EMPTY_BODY = YES;
				CLANG_WARN_ENUM_CONVERSION = YES;
				CLANG_WARN_INFINITE_RECURSION = YES;
				CLANG_WARN_INT_CONVERSION = YES;
				CLANG_WARN_NON_LITERAL_NULL_CONVERSION = YES;
				CLANG_WARN_OBJC_IMPLICIT_RETAIN_SELF = YES;
				CLANG_WARN_OBJC_LITERAL_CONVERSION = YES;
				CLANG_WARN_OBJC_ROOT_CLASS = YES_ERROR;
				CLANG_WARN_QUOTED_INCLUDE_IN_FRAMEWORK_HEADER = YES;
				CLANG_WARN_RANGE_LOOP_ANALYSIS = YES;
				CLANG_WARN_STRICT_PROTOTYPES = YES;
				CLANG_WARN_SUSPICIOUS_MOVE = YES;
				CLANG_WARN_UNGUARDED_AVAILABILITY = YES_AGGRESSIVE;
				CLANG_WARN_UNREACHABLE_CODE = YES;
				CLANG_WARN__DUPLICATE_METHOD_MATCH = YES;
				COPY_PHASE_STRIP = NO;
				DEBUG_INFORMATION_FORMAT = "dwarf-with-dsym";
				DEVELOPMENT_TEAM = 573P995VR5;
				ENABLE_NS_ASSERTIONS = NO;
				ENABLE_STRICT_OBJC_MSGSEND = YES;
				ENABLE_USER_SCRIPT_SANDBOXING = YES;
				GCC_C_LANGUAGE_STANDARD = gnu17;
				GCC_NO_COMMON_BLOCKS = YES;
				GCC_WARN_64_TO_32_BIT_CONVERSION = YES;
				GCC_WARN_ABOUT_RETURN_TYPE = YES_ERROR;
				GCC_WARN_UNDECLARED_SELECTOR = YES;
				GCC_WARN_UNINITIALIZED_AUTOS = YES_AGGRESSIVE;
				GCC_WARN_UNUSED_FUNCTION = YES;
				GCC_WARN_UNUSED_VARIABLE = YES;
				"INFOPLIST_FILE[sdk=*]" = "";
				LOCALIZATION_PREFERS_STRING_CATALOGS = YES;
				MTL_ENABLE_DEBUG_INFO = NO;
				MTL_FAST_MATH = YES;
				SWIFT_COMPILATION_MODE = wholemodule;
			};
			name = Release;
		};
		4FA4821C2DCDAB6200EDCCB3 /* Debug */ = {
			isa = XCBuildConfiguration;
			baseConfigurationReference = 4F1D109B2DE45AA20006D312 /* Dev.xcconfig */;
			buildSettings = {
				ASSETCATALOG_COMPILER_APPICON_NAME = AppIcon;
				ASSETCATALOG_COMPILER_GLOBAL_ACCENT_COLOR_NAME = AccentColor;
				CODE_SIGN_STYLE = Automatic;
				CURRENT_PROJECT_VERSION = 1;
				DEVELOPMENT_TEAM = 573P995VR5;
				ENABLE_PREVIEWS = YES;
				GENERATE_INFOPLIST_FILE = YES;
				INFOPLIST_KEY_CFBundleDisplayName = BulkTrack;
				INFOPLIST_KEY_UISupportedInterfaceOrientations = "UIInterfaceOrientationPortrait UIInterfaceOrientationPortraitUpsideDown";
				INFOPLIST_KEY_WKCompanionAppBundleIdentifier = "com.bulk-track.BulkTrack";
				LD_RUNPATH_SEARCH_PATHS = (
					"$(inherited)",
					"@executable_path/Frameworks",
				);
				MARKETING_VERSION = 1.0;
				PRODUCT_BUNDLE_IDENTIFIER = "com.bulk-track.BulkTrack.watchkitapp";
				PRODUCT_NAME = "$(TARGET_NAME)";
				SDKROOT = watchos;
				SKIP_INSTALL = YES;
				SWIFT_EMIT_LOC_STRINGS = YES;
				SWIFT_VERSION = 5.0;
				TARGETED_DEVICE_FAMILY = 4;
				WATCHOS_DEPLOYMENT_TARGET = 11.4;
			};
			name = Debug;
		};
		4FA4821D2DCDAB6200EDCCB3 /* Release */ = {
			isa = XCBuildConfiguration;
			baseConfigurationReference = 4F3185282DCFAD17005D398A /* Prod.xcconfig */;
			buildSettings = {
				ASSETCATALOG_COMPILER_APPICON_NAME = AppIcon;
				ASSETCATALOG_COMPILER_GLOBAL_ACCENT_COLOR_NAME = AccentColor;
				CODE_SIGN_STYLE = Automatic;
				CURRENT_PROJECT_VERSION = 1;
				DEVELOPMENT_TEAM = 573P995VR5;
				ENABLE_PREVIEWS = YES;
				GENERATE_INFOPLIST_FILE = YES;
				INFOPLIST_KEY_CFBundleDisplayName = BulkTrack;
				INFOPLIST_KEY_UISupportedInterfaceOrientations = "UIInterfaceOrientationPortrait UIInterfaceOrientationPortraitUpsideDown";
				INFOPLIST_KEY_WKCompanionAppBundleIdentifier = "com.bulk-track.BulkTrack";
				LD_RUNPATH_SEARCH_PATHS = (
					"$(inherited)",
					"@executable_path/Frameworks",
				);
				MARKETING_VERSION = 1.0;
				PRODUCT_BUNDLE_IDENTIFIER = "com.bulk-track.BulkTrack.watchkitapp";
				PRODUCT_NAME = "$(TARGET_NAME)";
				SDKROOT = watchos;
				SKIP_INSTALL = YES;
				SWIFT_EMIT_LOC_STRINGS = YES;
				SWIFT_VERSION = 5.0;
				TARGETED_DEVICE_FAMILY = 4;
				VALIDATE_PRODUCT = YES;
				WATCHOS_DEPLOYMENT_TARGET = 11.4;
			};
			name = Release;
		};
		4FA482202DCDAB6200EDCCB3 /* Debug */ = {
			isa = XCBuildConfiguration;
			baseConfigurationReference = 4F1D109B2DE45AA20006D312 /* Dev.xcconfig */;
			buildSettings = {
				ASSETCATALOG_COMPILER_APPICON_NAME = AppIcon;
				ASSETCATALOG_COMPILER_GLOBAL_ACCENT_COLOR_NAME = AccentColor;
				CODE_SIGN_STYLE = Automatic;
				CURRENT_PROJECT_VERSION = 1;
				DEVELOPMENT_TEAM = 573P995VR5;
				ENABLE_PREVIEWS = YES;
				GENERATE_INFOPLIST_FILE = YES;
				INFOPLIST_FILE = "";
				INFOPLIST_KEY_CFBundleDisplayName = BulkTrack;
				INFOPLIST_KEY_LSApplicationCategoryType = "public.app-category.healthcare-fitness";
				INFOPLIST_KEY_UIApplicationSceneManifest_Generation = YES;
				INFOPLIST_KEY_UIApplicationSupportsIndirectInputEvents = YES;
				INFOPLIST_KEY_UILaunchScreen_Generation = YES;
				INFOPLIST_KEY_UISupportedInterfaceOrientations_iPad = "UIInterfaceOrientationPortrait UIInterfaceOrientationPortraitUpsideDown UIInterfaceOrientationLandscapeLeft UIInterfaceOrientationLandscapeRight";
				INFOPLIST_KEY_UISupportedInterfaceOrientations_iPhone = "UIInterfaceOrientationPortrait UIInterfaceOrientationLandscapeLeft UIInterfaceOrientationLandscapeRight";
				IPHONEOS_DEPLOYMENT_TARGET = 18.4;
				LD_RUNPATH_SEARCH_PATHS = (
					"$(inherited)",
					"@executable_path/Frameworks",
				);
				MARKETING_VERSION = 0.2.1;
				PRODUCT_BUNDLE_IDENTIFIER = "com.bulk-track.BulkTrack";
				PRODUCT_NAME = "$(TARGET_NAME)";
				SDKROOT = iphoneos;
				SWIFT_EMIT_LOC_STRINGS = YES;
				SWIFT_VERSION = 5.0;
				TARGETED_DEVICE_FAMILY = "1,2";
			};
			name = Debug;
		};
		4FA482212DCDAB6200EDCCB3 /* Release */ = {
			isa = XCBuildConfiguration;
			baseConfigurationReference = 4F3185282DCFAD17005D398A /* Prod.xcconfig */;
			buildSettings = {
				ASSETCATALOG_COMPILER_APPICON_NAME = AppIcon;
				ASSETCATALOG_COMPILER_GLOBAL_ACCENT_COLOR_NAME = AccentColor;
				CODE_SIGN_STYLE = Automatic;
				CURRENT_PROJECT_VERSION = 1;
				DEVELOPMENT_TEAM = 573P995VR5;
				ENABLE_PREVIEWS = YES;
				GENERATE_INFOPLIST_FILE = YES;
				INFOPLIST_FILE = "";
				INFOPLIST_KEY_CFBundleDisplayName = BulkTrack;
				INFOPLIST_KEY_LSApplicationCategoryType = "public.app-category.healthcare-fitness";
				INFOPLIST_KEY_UIApplicationSceneManifest_Generation = YES;
				INFOPLIST_KEY_UIApplicationSupportsIndirectInputEvents = YES;
				INFOPLIST_KEY_UILaunchScreen_Generation = YES;
				INFOPLIST_KEY_UISupportedInterfaceOrientations_iPad = "UIInterfaceOrientationPortrait UIInterfaceOrientationPortraitUpsideDown UIInterfaceOrientationLandscapeLeft UIInterfaceOrientationLandscapeRight";
				INFOPLIST_KEY_UISupportedInterfaceOrientations_iPhone = "UIInterfaceOrientationPortrait UIInterfaceOrientationLandscapeLeft UIInterfaceOrientationLandscapeRight";
				IPHONEOS_DEPLOYMENT_TARGET = 18.4;
				LD_RUNPATH_SEARCH_PATHS = (
					"$(inherited)",
					"@executable_path/Frameworks",
				);
				MARKETING_VERSION = 0.2.1;
				PRODUCT_BUNDLE_IDENTIFIER = "com.bulk-track.BulkTrack";
				PRODUCT_NAME = "$(TARGET_NAME)";
				SDKROOT = iphoneos;
				SWIFT_EMIT_LOC_STRINGS = YES;
				SWIFT_VERSION = 5.0;
				TARGETED_DEVICE_FAMILY = "1,2";
				VALIDATE_PRODUCT = YES;
			};
			name = Release;
		};
		4FA482232DCDAB6200EDCCB3 /* Debug */ = {
			isa = XCBuildConfiguration;
			buildSettings = {
				BUNDLE_LOADER = "$(TEST_HOST)";
				CODE_SIGN_STYLE = Automatic;
				CURRENT_PROJECT_VERSION = 1;
				DEVELOPMENT_TEAM = 573P995VR5;
				GENERATE_INFOPLIST_FILE = YES;
				IPHONEOS_DEPLOYMENT_TARGET = 18.4;
				MARKETING_VERSION = 1.0;
				PRODUCT_BUNDLE_IDENTIFIER = "com.bulk-track.BulkTrackTests";
				PRODUCT_NAME = "$(TARGET_NAME)";
				SDKROOT = iphoneos;
				SWIFT_EMIT_LOC_STRINGS = NO;
				SWIFT_VERSION = 5.0;
				TARGETED_DEVICE_FAMILY = "1,2";
				TEST_HOST = "$(BUILT_PRODUCTS_DIR)/BulkTrack.app/$(BUNDLE_EXECUTABLE_FOLDER_PATH)/BulkTrack";
			};
			name = Debug;
		};
		4FA482242DCDAB6200EDCCB3 /* Release */ = {
			isa = XCBuildConfiguration;
			buildSettings = {
				BUNDLE_LOADER = "$(TEST_HOST)";
				CODE_SIGN_STYLE = Automatic;
				CURRENT_PROJECT_VERSION = 1;
				DEVELOPMENT_TEAM = 573P995VR5;
				GENERATE_INFOPLIST_FILE = YES;
				IPHONEOS_DEPLOYMENT_TARGET = 18.4;
				MARKETING_VERSION = 1.0;
				PRODUCT_BUNDLE_IDENTIFIER = "com.bulk-track.BulkTrackTests";
				PRODUCT_NAME = "$(TARGET_NAME)";
				SDKROOT = iphoneos;
				SWIFT_EMIT_LOC_STRINGS = NO;
				SWIFT_VERSION = 5.0;
				TARGETED_DEVICE_FAMILY = "1,2";
				TEST_HOST = "$(BUILT_PRODUCTS_DIR)/BulkTrack.app/$(BUNDLE_EXECUTABLE_FOLDER_PATH)/BulkTrack";
				VALIDATE_PRODUCT = YES;
			};
			name = Release;
		};
		4FA482262DCDAB6200EDCCB3 /* Debug */ = {
			isa = XCBuildConfiguration;
			buildSettings = {
				CODE_SIGN_STYLE = Automatic;
				CURRENT_PROJECT_VERSION = 1;
				DEVELOPMENT_TEAM = 573P995VR5;
				GENERATE_INFOPLIST_FILE = YES;
				IPHONEOS_DEPLOYMENT_TARGET = 18.4;
				MARKETING_VERSION = 1.0;
				PRODUCT_BUNDLE_IDENTIFIER = "com.bulk-track.BulkTrackUITests";
				PRODUCT_NAME = "$(TARGET_NAME)";
				SDKROOT = iphoneos;
				SWIFT_EMIT_LOC_STRINGS = NO;
				SWIFT_VERSION = 5.0;
				TARGETED_DEVICE_FAMILY = "1,2";
				TEST_TARGET_NAME = BulkTrack;
			};
			name = Debug;
		};
		4FA482272DCDAB6200EDCCB3 /* Release */ = {
			isa = XCBuildConfiguration;
			buildSettings = {
				CODE_SIGN_STYLE = Automatic;
				CURRENT_PROJECT_VERSION = 1;
				DEVELOPMENT_TEAM = 573P995VR5;
				GENERATE_INFOPLIST_FILE = YES;
				IPHONEOS_DEPLOYMENT_TARGET = 18.4;
				MARKETING_VERSION = 1.0;
				PRODUCT_BUNDLE_IDENTIFIER = "com.bulk-track.BulkTrackUITests";
				PRODUCT_NAME = "$(TARGET_NAME)";
				SDKROOT = iphoneos;
				SWIFT_EMIT_LOC_STRINGS = NO;
				SWIFT_VERSION = 5.0;
				TARGETED_DEVICE_FAMILY = "1,2";
				TEST_TARGET_NAME = BulkTrack;
				VALIDATE_PRODUCT = YES;
			};
			name = Release;
		};
		4FA482292DCDAB6200EDCCB3 /* Debug */ = {
			isa = XCBuildConfiguration;
			buildSettings = {
				BUNDLE_LOADER = "$(TEST_HOST)";
				CODE_SIGN_STYLE = Automatic;
				CURRENT_PROJECT_VERSION = 1;
				DEVELOPMENT_TEAM = 573P995VR5;
				GENERATE_INFOPLIST_FILE = YES;
				MARKETING_VERSION = 1.0;
				PRODUCT_BUNDLE_IDENTIFIER = "com.bulk-track.BulkTrack-Watch-AppTests";
				PRODUCT_NAME = "$(TARGET_NAME)";
				SDKROOT = watchos;
				SWIFT_EMIT_LOC_STRINGS = NO;
				SWIFT_VERSION = 5.0;
				TARGETED_DEVICE_FAMILY = 4;
				TEST_HOST = "$(BUILT_PRODUCTS_DIR)/BulkTrack Watch App.app/$(BUNDLE_EXECUTABLE_FOLDER_PATH)/BulkTrack Watch App";
				WATCHOS_DEPLOYMENT_TARGET = 11.4;
			};
			name = Debug;
		};
		4FA4822A2DCDAB6200EDCCB3 /* Release */ = {
			isa = XCBuildConfiguration;
			buildSettings = {
				BUNDLE_LOADER = "$(TEST_HOST)";
				CODE_SIGN_STYLE = Automatic;
				CURRENT_PROJECT_VERSION = 1;
				DEVELOPMENT_TEAM = 573P995VR5;
				GENERATE_INFOPLIST_FILE = YES;
				MARKETING_VERSION = 1.0;
				PRODUCT_BUNDLE_IDENTIFIER = "com.bulk-track.BulkTrack-Watch-AppTests";
				PRODUCT_NAME = "$(TARGET_NAME)";
				SDKROOT = watchos;
				SWIFT_EMIT_LOC_STRINGS = NO;
				SWIFT_VERSION = 5.0;
				TARGETED_DEVICE_FAMILY = 4;
				TEST_HOST = "$(BUILT_PRODUCTS_DIR)/BulkTrack Watch App.app/$(BUNDLE_EXECUTABLE_FOLDER_PATH)/BulkTrack Watch App";
				VALIDATE_PRODUCT = YES;
				WATCHOS_DEPLOYMENT_TARGET = 11.4;
			};
			name = Release;
		};
		4FA4822C2DCDAB6200EDCCB3 /* Debug */ = {
			isa = XCBuildConfiguration;
			buildSettings = {
				CODE_SIGN_STYLE = Automatic;
				CURRENT_PROJECT_VERSION = 1;
				DEVELOPMENT_TEAM = 573P995VR5;
				GENERATE_INFOPLIST_FILE = YES;
				MARKETING_VERSION = 1.0;
				PRODUCT_BUNDLE_IDENTIFIER = "com.bulk-track.BulkTrack-Watch-AppUITests";
				PRODUCT_NAME = "$(TARGET_NAME)";
				SDKROOT = watchos;
				SWIFT_EMIT_LOC_STRINGS = NO;
				SWIFT_VERSION = 5.0;
				TARGETED_DEVICE_FAMILY = 4;
				TEST_TARGET_NAME = "BulkTrack Watch App";
				WATCHOS_DEPLOYMENT_TARGET = 11.4;
			};
			name = Debug;
		};
		4FA4822D2DCDAB6200EDCCB3 /* Release */ = {
			isa = XCBuildConfiguration;
			buildSettings = {
				CODE_SIGN_STYLE = Automatic;
				CURRENT_PROJECT_VERSION = 1;
				DEVELOPMENT_TEAM = 573P995VR5;
				GENERATE_INFOPLIST_FILE = YES;
				MARKETING_VERSION = 1.0;
				PRODUCT_BUNDLE_IDENTIFIER = "com.bulk-track.BulkTrack-Watch-AppUITests";
				PRODUCT_NAME = "$(TARGET_NAME)";
				SDKROOT = watchos;
				SWIFT_EMIT_LOC_STRINGS = NO;
				SWIFT_VERSION = 5.0;
				TARGETED_DEVICE_FAMILY = 4;
				TEST_TARGET_NAME = "BulkTrack Watch App";
				VALIDATE_PRODUCT = YES;
				WATCHOS_DEPLOYMENT_TARGET = 11.4;
			};
			name = Release;
		};
/* End XCBuildConfiguration section */

/* Begin XCConfigurationList section */
		4F1D10D62DE4D3860006D312 /* Build configuration list for PBXNativeTarget "TimerWidgetExtensionExtension" */ = {
			isa = XCConfigurationList;
			buildConfigurations = (
				4F1D10D72DE4D3860006D312 /* Debug */,
				4F1D10D82DE4D3860006D312 /* Release */,
			);
			defaultConfigurationIsVisible = 0;
			defaultConfigurationName = Release;
		};
		4FA481D02DCDAB6000EDCCB3 /* Build configuration list for PBXProject "BulkTrack" */ = {
			isa = XCConfigurationList;
			buildConfigurations = (
				4FA482192DCDAB6200EDCCB3 /* Debug */,
				4FA4821A2DCDAB6200EDCCB3 /* Release */,
			);
			defaultConfigurationIsVisible = 0;
			defaultConfigurationName = Release;
		};
		4FA4821B2DCDAB6200EDCCB3 /* Build configuration list for PBXNativeTarget "BulkTrackWatch" */ = {
			isa = XCConfigurationList;
			buildConfigurations = (
				4FA4821C2DCDAB6200EDCCB3 /* Debug */,
				4FA4821D2DCDAB6200EDCCB3 /* Release */,
			);
			defaultConfigurationIsVisible = 0;
			defaultConfigurationName = Release;
		};
		4FA4821F2DCDAB6200EDCCB3 /* Build configuration list for PBXNativeTarget "BulkTrack" */ = {
			isa = XCConfigurationList;
			buildConfigurations = (
				4FA482202DCDAB6200EDCCB3 /* Debug */,
				4FA482212DCDAB6200EDCCB3 /* Release */,
			);
			defaultConfigurationIsVisible = 0;
			defaultConfigurationName = Release;
		};
		4FA482222DCDAB6200EDCCB3 /* Build configuration list for PBXNativeTarget "BulkTrackTests" */ = {
			isa = XCConfigurationList;
			buildConfigurations = (
				4FA482232DCDAB6200EDCCB3 /* Debug */,
				4FA482242DCDAB6200EDCCB3 /* Release */,
			);
			defaultConfigurationIsVisible = 0;
			defaultConfigurationName = Release;
		};
		4FA482252DCDAB6200EDCCB3 /* Build configuration list for PBXNativeTarget "BulkTrackUITests" */ = {
			isa = XCConfigurationList;
			buildConfigurations = (
				4FA482262DCDAB6200EDCCB3 /* Debug */,
				4FA482272DCDAB6200EDCCB3 /* Release */,
			);
			defaultConfigurationIsVisible = 0;
			defaultConfigurationName = Release;
		};
		4FA482282DCDAB6200EDCCB3 /* Build configuration list for PBXNativeTarget "BulkTrack Watch AppTests" */ = {
			isa = XCConfigurationList;
			buildConfigurations = (
				4FA482292DCDAB6200EDCCB3 /* Debug */,
				4FA4822A2DCDAB6200EDCCB3 /* Release */,
			);
			defaultConfigurationIsVisible = 0;
			defaultConfigurationName = Release;
		};
		4FA4822B2DCDAB6200EDCCB3 /* Build configuration list for PBXNativeTarget "BulkTrack Watch AppUITests" */ = {
			isa = XCConfigurationList;
			buildConfigurations = (
				4FA4822C2DCDAB6200EDCCB3 /* Debug */,
				4FA4822D2DCDAB6200EDCCB3 /* Release */,
			);
			defaultConfigurationIsVisible = 0;
			defaultConfigurationName = Release;
		};
/* End XCConfigurationList section */

/* Begin XCSwiftPackageProductDependency section */
		4F1D10EE2DE4DAAA0006D312 /* Domain */ = {
			isa = XCSwiftPackageProductDependency;
			productName = Domain;
		};
		4FAF0FEC2DDD9FDD001554C9 /* Domain */ = {
			isa = XCSwiftPackageProductDependency;
			productName = Domain;
		};
		4FAF0FEE2DDD9FE8001554C9 /* Domain */ = {
			isa = XCSwiftPackageProductDependency;
			productName = Domain;
		};
		4FAF10022DDDB2D6001554C9 /* Data */ = {
			isa = XCSwiftPackageProductDependency;
			productName = Data;
		};
		4FAF10042DDDB2DC001554C9 /* Data */ = {
			isa = XCSwiftPackageProductDependency;
			productName = Data;
		};
/* End XCSwiftPackageProductDependency section */
	};
	rootObject = 4FA481CD2DCDAB6000EDCCB3 /* Project object */;
}
